
Microsoft Visual Studio Solution File, Format Version 12.00
# Visual Studio Version 17
VisualStudioVersion = 17.14.35806.103 d17.14
MinimumVisualStudioVersion = 10.0.40219.1
Project("{FAE04EC0-301F-11D3-BF4B-00C04F79EFBC}") = "HW1", "HW1\HW1.csproj", "{8DE69E23-38BA-47B9-BB87-F0FED864E528}"
EndProject
Global
	GlobalSection(SolutionConfigurationPlatforms) = preSolution
		Debug|Any CPU = Debug|Any CPU
		Release|Any CPU = Release|Any CPU
	EndGlobalSection
	GlobalSection(ProjectConfigurationPlatforms) = postSolution
		{8DE69E23-38BA-47B9-BB87-F0FED864E528}.Debug|Any CPU.ActiveCfg = Debug|Any CPU
		{8DE69E23-38BA-47B9-BB87-F0FED864E528}.Debug|Any CPU.Build.0 = Debug|Any CPU
		{8DE69E23-38BA-47B9-BB87-F0FED864E528}.Release|Any CPU.ActiveCfg = Release|Any CPU
		{8DE69E23-38BA-47B9-BB87-F0FED864E528}.Release|Any CPU.Build.0 = Release|Any CPU
	EndGlobalSection
	GlobalSection(SolutionProperties) = preSolution
		HideSolutionNode = FALSE
	EndGlobalSection
	GlobalSection(ExtensibilityGlobals) = postSolution
		SolutionGuid = {6BB8E9F6-93D3-41CC-BD04-CF1E330FC90E}
	EndGlobalSection
EndGlobal
