
Microsoft Visual Studio Solution File, Format Version 12.00
# Visual Studio Version 17
VisualStudioVersion = 17.14.35806.103 d17.14
MinimumVisualStudioVersion = 10.0.40219.1
Project("{FAE04EC0-301F-11D3-BF4B-00C04F79EFBC}") = "HW3", "HW3\HW3.csproj", "{33499788-75F9-47FB-8F90-3378FD178B26}"
EndProject
Global
	GlobalSection(SolutionConfigurationPlatforms) = preSolution
		Debug|Any CPU = Debug|Any CPU
		Release|Any CPU = Release|Any CPU
	EndGlobalSection
	GlobalSection(ProjectConfigurationPlatforms) = postSolution
		{33499788-75F9-47FB-8F90-3378FD178B26}.Debug|Any CPU.ActiveCfg = Debug|Any CPU
		{33499788-75F9-47FB-8F90-3378FD178B26}.Debug|Any CPU.Build.0 = Debug|Any CPU
		{33499788-75F9-47FB-8F90-3378FD178B26}.Release|Any CPU.ActiveCfg = Release|Any CPU
		{33499788-75F9-47FB-8F90-3378FD178B26}.Release|Any CPU.Build.0 = Release|Any CPU
	EndGlobalSection
	GlobalSection(SolutionProperties) = preSolution
		HideSolutionNode = FALSE
	EndGlobalSection
	GlobalSection(ExtensibilityGlobals) = postSolution
		SolutionGuid = {A160D831-6393-451F-83D2-8C27A25512A5}
	EndGlobalSection
EndGlobal
